
Microsoft Visual Studio Solution File, Format Version 12.00
# Visual Studio Version 18
VisualStudioVersion = 18.4.11626.88 stable
MinimumVisualStudioVersion = 10.0.40219.1
Project("{FAE04EC0-301F-11D3-BF4B-00C04F79EFBC}") = "HttpHidRelay", "HttpHidRelay\HttpHidRelay.csproj", "{87167587-986B-4B42-9B78-3DCF2A1F60B5}"
EndProject
Global
	GlobalSection(SolutionConfigurationPlatforms) = preSolution
		Debug|x64 = Debug|x64
		Release|x64 = Release|x64
	EndGlobalSection
	GlobalSection(ProjectConfigurationPlatforms) = postSolution
		{87167587-986B-4B42-9B78-3DCF2A1F60B5}.Debug|x64.ActiveCfg = Debug|x64
		{87167587-986B-4B42-9B78-3DCF2A1F60B5}.Debug|x64.Build.0 = Debug|x64
		{87167587-986B-4B42-9B78-3DCF2A1F60B5}.Release|x64.ActiveCfg = Release|x64
		{87167587-986B-4B42-9B78-3DCF2A1F60B5}.Release|x64.Build.0 = Release|x64
	EndGlobalSection
	GlobalSection(SolutionProperties) = preSolution
		HideSolutionNode = FALSE
	EndGlobalSection
	GlobalSection(ExtensibilityGlobals) = postSolution
		SolutionGuid = {16F16D46-065E-4674-BF28-316341CC97AD}
	EndGlobalSection
EndGlobal
